
Microsoft Visual Studio Solution File, Format Version 12.00
# Visual Studio Version 16
VisualStudioVersion = 16.0.30621.155
MinimumVisualStudioVersion = 10.0.40219.1
Project("{FAE04EC0-301F-11D3-BF4B-00C04F79EFBC}") = "MoveFile", "MoveFile\MoveFile.csproj", "{101AB089-0255-4395-854A-B318F806EF45}"
EndProject
Project("{FAE04EC0-301F-11D3-BF4B-00C04F79EFBC}") = "DeleteFile", "DeleteFile\DeleteFile.csproj", "{BB221F89-6D4B-48D8-8100-D189367C4121}"
EndProject
Global
	GlobalSection(SolutionConfigurationPlatforms) = preSolution
		Debug|Any CPU = Debug|Any CPU
		Release|Any CPU = Release|Any CPU
	EndGlobalSection
	GlobalSection(ProjectConfigurationPlatforms) = postSolution
		{101AB089-0255-4395-854A-B318F806EF45}.Debug|Any CPU.ActiveCfg = Debug|Any CPU
		{101AB089-0255-4395-854A-B318F806EF45}.Debug|Any CPU.Build.0 = Debug|Any CPU
		{101AB089-0255-4395-854A-B318F806EF45}.Release|Any CPU.ActiveCfg = Release|Any CPU
		{101AB089-0255-4395-854A-B318F806EF45}.Release|Any CPU.Build.0 = Release|Any CPU
		{BB221F89-6D4B-48D8-8100-D189367C4121}.Debug|Any CPU.ActiveCfg = Debug|Any CPU
		{BB221F89-6D4B-48D8-8100-D189367C4121}.Debug|Any CPU.Build.0 = Debug|Any CPU
		{BB221F89-6D4B-48D8-8100-D189367C4121}.Release|Any CPU.ActiveCfg = Release|Any CPU
		{BB221F89-6D4B-48D8-8100-D189367C4121}.Release|Any CPU.Build.0 = Release|Any CPU
	EndGlobalSection
	GlobalSection(SolutionProperties) = preSolution
		HideSolutionNode = FALSE
	EndGlobalSection
	GlobalSection(ExtensibilityGlobals) = postSolution
		SolutionGuid = {C506FBAB-EB54-4A9E-923B-144500D79E12}
	EndGlobalSection
EndGlobal
